
Microsoft Visual Studio Solution File, Format Version 12.00
# Visual Studio Version 16
VisualStudioVersion = 16.0.31129.286
MinimumVisualStudioVersion = 10.0.40219.1
Project("{9A19103F-16F7-4668-BE54-9A1E7A4F7556}") = "SortTree", "SortTree.csproj", "{CA4ED7CE-A6EC-4C17-9880-B5D0541595C6}"
EndProject
Project("{FAE04EC0-301F-11D3-BF4B-00C04F79EFBC}") = "Tests", "..\Tests\Tests.csproj", "{1853DFC6-2C51-4036-BF62-25CD595AAA07}"
EndProject
Global
	GlobalSection(SolutionConfigurationPlatforms) = preSolution
		Debug|Any CPU = Debug|Any CPU
		Release|Any CPU = Release|Any CPU
	EndGlobalSection
	GlobalSection(ProjectConfigurationPlatforms) = postSolution
		{CA4ED7CE-A6EC-4C17-9880-B5D0541595C6}.Debug|Any CPU.ActiveCfg = Debug|Any CPU
		{CA4ED7CE-A6EC-4C17-9880-B5D0541595C6}.Debug|Any CPU.Build.0 = Debug|Any CPU
		{CA4ED7CE-A6EC-4C17-9880-B5D0541595C6}.Release|Any CPU.ActiveCfg = Release|Any CPU
		{CA4ED7CE-A6EC-4C17-9880-B5D0541595C6}.Release|Any CPU.Build.0 = Release|Any CPU
		{1853DFC6-2C51-4036-BF62-25CD595AAA07}.Debug|Any CPU.ActiveCfg = Debug|Any CPU
		{1853DFC6-2C51-4036-BF62-25CD595AAA07}.Debug|Any CPU.Build.0 = Debug|Any CPU
		{1853DFC6-2C51-4036-BF62-25CD595AAA07}.Release|Any CPU.ActiveCfg = Release|Any CPU
		{1853DFC6-2C51-4036-BF62-25CD595AAA07}.Release|Any CPU.Build.0 = Release|Any CPU
	EndGlobalSection
	GlobalSection(SolutionProperties) = preSolution
		HideSolutionNode = FALSE
	EndGlobalSection
	GlobalSection(ExtensibilityGlobals) = postSolution
		SolutionGuid = {A6CF2E79-09AB-4592-8B68-F7A2DDE21FEB}
	EndGlobalSection
EndGlobal
